// !$*UTF8*$!
{
	archiveVersion = 1;
	classes = {
	};
	objectVersion = 55;
	objects = {

/* Begin PBXBuildFile section */
		220603D6274CA75000020C59 /* RecipeFeatureView.swift in Sources */ = {isa = PBXBuildFile; fileRef = 220603D5274CA75000020C59 /* RecipeFeatureView.swift */; };
		221728182745409B003CAD6E /* RecipeDetailView.swift in Sources */ = {isa = PBXBuildFile; fileRef = 221728172745409B003CAD6E /* RecipeDetailView.swift */; };
		222C6595274C8BE5009F3ECA /* Ingredient.swift in Sources */ = {isa = PBXBuildFile; fileRef = 222C6594274C8BE5009F3ECA /* Ingredient.swift */; };
		223F788D274F41BE002F67E3 /* Rational.swift in Sources */ = {isa = PBXBuildFile; fileRef = 223F788C274F41BE002F67E3 /* Rational.swift */; };
		22BEA2D3274A17FB00AF1979 /* RecipeTabView.swift in Sources */ = {isa = PBXBuildFile; fileRef = 22BEA2D2274A17FB00AF1979 /* RecipeTabView.swift */; };
		22C9B87E274FD90E00FC5D64 /* RecipeHighlightView.swift in Sources */ = {isa = PBXBuildFile; fileRef = 22C9B87D274FD90E00FC5D64 /* RecipeHighlightView.swift */; };
		22EDC7502743DA5900516DE0 /* RecipeApp.swift in Sources */ = {isa = PBXBuildFile; fileRef = 22EDC74F2743DA5900516DE0 /* RecipeApp.swift */; };
		22EDC7522743DA5900516DE0 /* RecipeListView.swift in Sources */ = {isa = PBXBuildFile; fileRef = 22EDC7512743DA5900516DE0 /* RecipeListView.swift */; };
		22EDC7542743DA5E00516DE0 /* Assets.xcassets in Resources */ = {isa = PBXBuildFile; fileRef = 22EDC7532743DA5E00516DE0 /* Assets.xcassets */; };
		22EDC7572743DA5E00516DE0 /* Preview Assets.xcassets in Resources */ = {isa = PBXBuildFile; fileRef = 22EDC7562743DA5E00516DE0 /* Preview Assets.xcassets */; };
		22EDC7632743DC8800516DE0 /* recipes.json in Resources */ = {isa = PBXBuildFile; fileRef = 22EDC7622743DC8800516DE0 /* recipes.json */; };
		22EDC7662743DCB700516DE0 /* Recipe.swift in Sources */ = {isa = PBXBuildFile; fileRef = 22EDC7652743DCB600516DE0 /* Recipe.swift */; };
		22EDC7682743DDAE00516DE0 /* RecipeModel.swift in Sources */ = {isa = PBXBuildFile; fileRef = 22EDC7672743DDAE00516DE0 /* RecipeModel.swift */; };
		22EDC76A2743E9F400516DE0 /* DataService.swift in Sources */ = {isa = PBXBuildFile; fileRef = 22EDC7692743E9F400516DE0 /* DataService.swift */; };
/* End PBXBuildFile section */

/* Begin PBXFileReference section */
		220603D5274CA75000020C59 /* RecipeFeatureView.swift */ = {isa = PBXFileReference; lastKnownFileType = sourcecode.swift; path = RecipeFeatureView.swift; sourceTree = "<group>"; };
		221728172745409B003CAD6E /* RecipeDetailView.swift */ = {isa = PBXFileReference; lastKnownFileType = sourcecode.swift; path = RecipeDetailView.swift; sourceTree = "<group>"; };
		222C6594274C8BE5009F3ECA /* Ingredient.swift */ = {isa = PBXFileReference; lastKnownFileType = sourcecode.swift; path = Ingredient.swift; sourceTree = "<group>"; };
		223F788C274F41BE002F67E3 /* Rational.swift */ = {isa = PBXFileReference; fileEncoding = 4; lastKnownFileType = sourcecode.swift; path = Rational.swift; sourceTree = "<group>"; };
		22BEA2D2274A17FB00AF1979 /* RecipeTabView.swift */ = {isa = PBXFileReference; lastKnownFileType = sourcecode.swift; path = RecipeTabView.swift; sourceTree = "<group>"; };
		22C9B87D274FD90E00FC5D64 /* RecipeHighlightView.swift */ = {isa = PBXFileReference; lastKnownFileType = sourcecode.swift; path = RecipeHighlightView.swift; sourceTree = "<group>"; };
		22EDC74C2743DA5900516DE0 /* RecipeApp.app */ = {isa = PBXFileReference; explicitFileType = wrapper.application; includeInIndex = 0; path = RecipeApp.app; sourceTree = BUILT_PRODUCTS_DIR; };
		22EDC74F2743DA5900516DE0 /* RecipeApp.swift */ = {isa = PBXFileReference; lastKnownFileType = sourcecode.swift; path = RecipeApp.swift; sourceTree = "<group>"; };
		22EDC7512743DA5900516DE0 /* RecipeListView.swift */ = {isa = PBXFileReference; lastKnownFileType = sourcecode.swift; path = RecipeListView.swift; sourceTree = "<group>"; };
		22EDC7532743DA5E00516DE0 /* Assets.xcassets */ = {isa = PBXFileReference; lastKnownFileType = folder.assetcatalog; path = Assets.xcassets; sourceTree = "<group>"; };
		22EDC7562743DA5E00516DE0 /* Preview Assets.xcassets */ = {isa = PBXFileReference; lastKnownFileType = folder.assetcatalog; path = "Preview Assets.xcassets"; sourceTree = "<group>"; };
		22EDC7622743DC8800516DE0 /* recipes.json */ = {isa = PBXFileReference; fileEncoding = 4; lastKnownFileType = text.json; path = recipes.json; sourceTree = "<group>"; };
		22EDC7652743DCB600516DE0 /* Recipe.swift */ = {isa = PBXFileReference; lastKnownFileType = sourcecode.swift; path = Recipe.swift; sourceTree = "<group>"; };
		22EDC7672743DDAE00516DE0 /* RecipeModel.swift */ = {isa = PBXFileReference; lastKnownFileType = sourcecode.swift; path = RecipeModel.swift; sourceTree = "<group>"; };
		22EDC7692743E9F400516DE0 /* DataService.swift */ = {isa = PBXFileReference; lastKnownFileType = sourcecode.swift; path = DataService.swift; sourceTree = "<group>"; };
/* End PBXFileReference section */

/* Begin PBXFrameworksBuildPhase section */
		22EDC7492743DA5900516DE0 /* Frameworks */ = {
			isa = PBXFrameworksBuildPhase;
			buildActionMask = 2147483647;
			files = (
			);
			runOnlyForDeploymentPostprocessing = 0;
		};
/* End PBXFrameworksBuildPhase section */

/* Begin PBXGroup section */
		223F788B274F41A6002F67E3 /* Utilities */ = {
			isa = PBXGroup;
			children = (
				223F788C274F41BE002F67E3 /* Rational.swift */,
			);
			path = Utilities;
			sourceTree = "<group>";
		};
		22EDC7432743DA5900516DE0 = {
			isa = PBXGroup;
			children = (
				22EDC74E2743DA5900516DE0 /* RecipeApp */,
				22EDC74D2743DA5900516DE0 /* Products */,
			);
			sourceTree = "<group>";
		};
		22EDC74D2743DA5900516DE0 /* Products */ = {
			isa = PBXGroup;
			children = (
				22EDC74C2743DA5900516DE0 /* RecipeApp.app */,
			);
			name = Products;
			sourceTree = "<group>";
		};
		22EDC74E2743DA5900516DE0 /* RecipeApp */ = {
			isa = PBXGroup;
			children = (
				22EDC74F2743DA5900516DE0 /* RecipeApp.swift */,
				22EDC7602743DC1900516DE0 /* View */,
				22EDC75F2743DC0E00516DE0 /* ViewModel */,
				22EDC7612743DC2300516DE0 /* Services */,
				22EDC75D2743DBD300516DE0 /* Model */,
				223F788B274F41A6002F67E3 /* Utilities */,
				22EDC7642743DC8F00516DE0 /* Data */,
				22EDC7532743DA5E00516DE0 /* Assets.xcassets */,
				22EDC7552743DA5E00516DE0 /* Preview Content */,
			);
			path = RecipeApp;
			sourceTree = "<group>";
		};
		22EDC7552743DA5E00516DE0 /* Preview Content */ = {
			isa = PBXGroup;
			children = (
				22EDC7562743DA5E00516DE0 /* Preview Assets.xcassets */,
			);
			path = "Preview Content";
			sourceTree = "<group>";
		};
		22EDC75D2743DBD300516DE0 /* Model */ = {
			isa = PBXGroup;
			children = (
				22EDC7652743DCB600516DE0 /* Recipe.swift */,
				222C6594274C8BE5009F3ECA /* Ingredient.swift */,
			);
			path = Model;
			sourceTree = "<group>";
		};
		22EDC75F2743DC0E00516DE0 /* ViewModel */ = {
			isa = PBXGroup;
			children = (
				22EDC7672743DDAE00516DE0 /* RecipeModel.swift */,
			);
			path = ViewModel;
			sourceTree = "<group>";
		};
		22EDC7602743DC1900516DE0 /* View */ = {
			isa = PBXGroup;
			children = (
				22BEA2D2274A17FB00AF1979 /* RecipeTabView.swift */,
				220603D5274CA75000020C59 /* RecipeFeatureView.swift */,
				22EDC7512743DA5900516DE0 /* RecipeListView.swift */,
				221728172745409B003CAD6E /* RecipeDetailView.swift */,
				22C9B87D274FD90E00FC5D64 /* RecipeHighlightView.swift */,
			);
			path = View;
			sourceTree = "<group>";
		};
		22EDC7612743DC2300516DE0 /* Services */ = {
			isa = PBXGroup;
			children = (
				22EDC7692743E9F400516DE0 /* DataService.swift */,
			);
			path = Services;
			sourceTree = "<group>";
		};
		22EDC7642743DC8F00516DE0 /* Data */ = {
			isa = PBXGroup;
			children = (
				22EDC7622743DC8800516DE0 /* recipes.json */,
			);
			path = Data;
			sourceTree = "<group>";
		};
/* End PBXGroup section */

/* Begin PBXNativeTarget section */
		22EDC74B2743DA5900516DE0 /* RecipeApp */ = {
			isa = PBXNativeTarget;
			buildConfigurationList = 22EDC75A2743DA5E00516DE0 /* Build configuration list for PBXNativeTarget "RecipeApp" */;
			buildPhases = (
				22EDC7482743DA5900516DE0 /* Sources */,
				22EDC7492743DA5900516DE0 /* Frameworks */,
				22EDC74A2743DA5900516DE0 /* Resources */,
			);
			buildRules = (
			);
			dependencies = (
			);
			name = RecipeApp;
			productName = RecipeApp;
			productReference = 22EDC74C2743DA5900516DE0 /* RecipeApp.app */;
			productType = "com.apple.product-type.application";
		};
/* End PBXNativeTarget section */

/* Begin PBXProject section */
		22EDC7442743DA5900516DE0 /* Project object */ = {
			isa = PBXProject;
			attributes = {
				BuildIndependentTargetsInParallel = 1;
				LastSwiftUpdateCheck = 1310;
				LastUpgradeCheck = 1310;
				TargetAttributes = {
					22EDC74B2743DA5900516DE0 = {
						CreatedOnToolsVersion = 13.1;
					};
				};
			};
			buildConfigurationList = 22EDC7472743DA5900516DE0 /* Build configuration list for PBXProject "RecipeApp" */;
			compatibilityVersion = "Xcode 13.0";
			developmentRegion = en;
			hasScannedForEncodings = 0;
			knownRegions = (
				en,
				Base,
			);
			mainGroup = 22EDC7432743DA5900516DE0;
			productRefGroup = 22EDC74D2743DA5900516DE0 /* Products */;
			projectDirPath = "";
			projectRoot = "";
			targets = (
				22EDC74B2743DA5900516DE0 /* RecipeApp */,
			);
		};
/* End PBXProject section */

/* Begin PBXResourcesBuildPhase section */
		22EDC74A2743DA5900516DE0 /* Resources */ = {
			isa = PBXResourcesBuildPhase;
			buildActionMask = 2147483647;
			files = (
				22EDC7572743DA5E00516DE0 /* Preview Assets.xcassets in Resources */,
				22EDC7632743DC8800516DE0 /* recipes.json in Resources */,
				22EDC7542743DA5E00516DE0 /* Assets.xcassets in Resources */,
			);
			runOnlyForDeploymentPostprocessing = 0;
		};
/* End PBXResourcesBuildPhase section */

/* Begin PBXSourcesBuildPhase section */
		22EDC7482743DA5900516DE0 /* Sources */ = {
			isa = PBXSourcesBuildPhase;
			buildActionMask = 2147483647;
			files = (
				22EDC7662743DCB700516DE0 /* Recipe.swift in Sources */,
				220603D6274CA75000020C59 /* RecipeFeatureView.swift in Sources */,
				221728182745409B003CAD6E /* RecipeDetailView.swift in Sources */,
				22EDC7682743DDAE00516DE0 /* RecipeModel.swift in Sources */,
				22EDC7522743DA5900516DE0 /* RecipeListView.swift in Sources */,
				222C6595274C8BE5009F3ECA /* Ingredient.swift in Sources */,
				22C9B87E274FD90E00FC5D64 /* RecipeHighlightView.swift in Sources */,
				22EDC7502743DA5900516DE0 /* RecipeApp.swift in Sources */,
				223F788D274F41BE002F67E3 /* Rational.swift in Sources */,
				22EDC76A2743E9F400516DE0 /* DataService.swift in Sources */,
				22BEA2D3274A17FB00AF1979 /* RecipeTabView.swift in Sources */,
			);
			runOnlyForDeploymentPostprocessing = 0;
		};
/* End PBXSourcesBuildPhase section */

/* Begin XCBuildConfiguration section */
		22EDC7582743DA5E00516DE0 /* Debug */ = {
			isa = XCBuildConfiguration;
			buildSettings = {
				ALWAYS_SEARCH_USER_PATHS = NO;
				CLANG_ANALYZER_NONNULL = YES;
				CLANG_ANALYZER_NUMBER_OBJECT_CONVERSION = YES_AGGRESSIVE;
				CLANG_CXX_LANGUAGE_STANDARD = "gnu++17";
				CLANG_CXX_LIBRARY = "libc++";
				CLANG_ENABLE_MODULES = YES;
				CLANG_ENABLE_OBJC_ARC = YES;
				CLANG_ENABLE_OBJC_WEAK = YES;
				CLANG_WARN_BLOCK_CAPTURE_AUTORELEASING = YES;
				CLANG_WARN_BOOL_CONVERSION = YES;
				CLANG_WARN_COMMA = YES;
				CLANG_WARN_CONSTANT_CONVERSION = YES;
				CLANG_WARN_DEPRECATED_OBJC_IMPLEMENTATIONS = YES;
				CLANG_WARN_DIRECT_OBJC_ISA_USAGE = YES_ERROR;
				CLANG_WARN_DOCUMENTATION_COMMENTS = YES;
				CLANG_WARN_EMPTY_BODY = YES;
				CLANG_WARN_ENUM_CONVERSION = YES;
				CLANG_WARN_INFINITE_RECURSION = YES;
				CLANG_WARN_INT_CONVERSION = YES;
				CLANG_WARN_NON_LITERAL_NULL_CONVERSION = YES;
				CLANG_WARN_OBJC_IMPLICIT_RETAIN_SELF = YES;
				CLANG_WARN_OBJC_LITERAL_CONVERSION = YES;
				CLANG_WARN_OBJC_ROOT_CLASS = YES_ERROR;
				CLANG_WARN_QUOTED_INCLUDE_IN_FRAMEWORK_HEADER = YES;
				CLANG_WARN_RANGE_LOOP_ANALYSIS = YES;
				CLANG_WARN_STRICT_PROTOTYPES = YES;
				CLANG_WARN_SUSPICIOUS_MOVE = YES;
				CLANG_WARN_UNGUARDED_AVAILABILITY = YES_AGGRESSIVE;
				CLANG_WARN_UNREACHABLE_CODE = YES;
				CLANG_WARN__DUPLICATE_METHOD_MATCH = YES;
				COPY_PHASE_STRIP = NO;
				DEBUG_INFORMATION_FORMAT = dwarf;
				ENABLE_STRICT_OBJC_MSGSEND = YES;
				ENABLE_TESTABILITY = YES;
				GCC_C_LANGUAGE_STANDARD = gnu11;
				GCC_DYNAMIC_NO_PIC = NO;
				GCC_NO_COMMON_BLOCKS = YES;
				GCC_OPTIMIZATION_LEVEL = 0;
				GCC_PREPROCESSOR_DEFINITIONS = (
					"DEBUG=1",
					"$(inherited)",
				);
				GCC_WARN_64_TO_32_BIT_CONVERSION = YES;
				GCC_WARN_ABOUT_RETURN_TYPE = YES_ERROR;
				GCC_WARN_UNDECLARED_SELECTOR = YES;
				GCC_WARN_UNINITIALIZED_AUTOS = YES_AGGRESSIVE;
				GCC_WARN_UNUSED_FUNCTION = YES;
				GCC_WARN_UNUSED_VARIABLE = YES;
				IPHONEOS_DEPLOYMENT_TARGET = 15.0;
				MTL_ENABLE_DEBUG_INFO = INCLUDE_SOURCE;
				MTL_FAST_MATH = YES;
				ONLY_ACTIVE_ARCH = YES;
				SDKROOT = iphoneos;
				SWIFT_ACTIVE_COMPILATION_CONDITIONS = DEBUG;
				SWIFT_OPTIMIZATION_LEVEL = "-Onone";
			};
			name = Debug;
		};
		22EDC7592743DA5E00516DE0 /* Release */ = {
			isa = XCBuildConfiguration;
			buildSettings = {
				ALWAYS_SEARCH_USER_PATHS = NO;
				CLANG_ANALYZER_NONNULL = YES;
				CLANG_ANALYZER_NUMBER_OBJECT_CONVERSION = YES_AGGRESSIVE;
				CLANG_CXX_LANGUAGE_STANDARD = "gnu++17";
				CLANG_CXX_LIBRARY = "libc++";
				CLANG_ENABLE_MODULES = YES;
				CLANG_ENABLE_OBJC_ARC = YES;
				CLANG_ENABLE_OBJC_WEAK = YES;
				CLANG_WARN_BLOCK_CAPTURE_AUTORELEASING = YES;
				CLANG_WARN_BOOL_CONVERSION = YES;
				CLANG_WARN_COMMA = YES;
				CLANG_WARN_CONSTANT_CONVERSION = YES;
				CLANG_WARN_DEPRECATED_OBJC_IMPLEMENTATIONS = YES;
				CLANG_WARN_DIRECT_OBJC_ISA_USAGE = YES_ERROR;
				CLANG_WARN_DOCUMENTATION_COMMENTS = YES;
				CLANG_WARN_EMPTY_BODY = YES;
				CLANG_WARN_ENUM_CONVERSION = YES;
				CLANG_WARN_INFINITE_RECURSION = YES;
				CLANG_WARN_INT_CONVERSION = YES;
				CLANG_WARN_NON_LITERAL_NULL_CONVERSION = YES;
				CLANG_WARN_OBJC_IMPLICIT_RETAIN_SELF = YES;
				CLANG_WARN_OBJC_LITERAL_CONVERSION = YES;
				CLANG_WARN_OBJC_ROOT_CLASS = YES_ERROR;
				CLANG_WARN_QUOTED_INCLUDE_IN_FRAMEWORK_HEADER = YES;
				CLANG_WARN_RANGE_LOOP_ANALYSIS = YES;
				CLANG_WARN_STRICT_PROTOTYPES = YES;
				CLANG_WARN_SUSPICIOUS_MOVE = YES;
				CLANG_WARN_UNGUARDED_AVAILABILITY = YES_AGGRESSIVE;
				CLANG_WARN_UNREACHABLE_CODE = YES;
				CLANG_WARN__DUPLICATE_METHOD_MATCH = YES;
				COPY_PHASE_STRIP = NO;
				DEBUG_INFORMATION_FORMAT = "dwarf-with-dsym";
				ENABLE_NS_ASSERTIONS = NO;
				ENABLE_STRICT_OBJC_MSGSEND = YES;
				GCC_C_LANGUAGE_STANDARD = gnu11;
				GCC_NO_COMMON_BLOCKS = YES;
				GCC_WARN_64_TO_32_BIT_CONVERSION = YES;
				GCC_WARN_ABOUT_RETURN_TYPE = YES_ERROR;
				GCC_WARN_UNDECLARED_SELECTOR = YES;
				GCC_WARN_UNINITIALIZED_AUTOS = YES_AGGRESSIVE;
				GCC_WARN_UNUSED_FUNCTION = YES;
				GCC_WARN_UNUSED_VARIABLE = YES;
				IPHONEOS_DEPLOYMENT_TARGET = 15.0;
				MTL_ENABLE_DEBUG_INFO = NO;
				MTL_FAST_MATH = YES;
				SDKROOT = iphoneos;
				SWIFT_COMPILATION_MODE = wholemodule;
				SWIFT_OPTIMIZATION_LEVEL = "-O";
				VALIDATE_PRODUCT = YES;
			};
			name = Release;
		};
		22EDC75B2743DA5E00516DE0 /* Debug */ = {
			isa = XCBuildConfiguration;
			buildSettings = {
				ASSETCATALOG_COMPILER_APPICON_NAME = AppIcon;
				ASSETCATALOG_COMPILER_GLOBAL_ACCENT_COLOR_NAME = AccentColor;
				CODE_SIGN_STYLE = Automatic;
				CURRENT_PROJECT_VERSION = 1;
				DEVELOPMENT_ASSET_PATHS = "\"RecipeApp/Preview Content\"";
				ENABLE_PREVIEWS = YES;
				GENERATE_INFOPLIST_FILE = YES;
				INFOPLIST_KEY_UIApplicationSceneManifest_Generation = YES;
				INFOPLIST_KEY_UIApplicationSupportsIndirectInputEvents = YES;
				INFOPLIST_KEY_UILaunchScreen_Generation = YES;
				INFOPLIST_KEY_UISupportedInterfaceOrientations_iPad = "UIInterfaceOrientationPortrait UIInterfaceOrientationPortraitUpsideDown UIInterfaceOrientationLandscapeLeft UIInterfaceOrientationLandscapeRight";
				INFOPLIST_KEY_UISupportedInterfaceOrientations_iPhone = "UIInterfaceOrientationPortrait UIInterfaceOrientationLandscapeLeft UIInterfaceOrientationLandscapeRight";
				LD_RUNPATH_SEARCH_PATHS = (
					"$(inherited)",
					"@executable_path/Frameworks",
				);
				MARKETING_VERSION = 1.0;
				PRODUCT_BUNDLE_IDENTIFIER = AEeefan.studio.RecipeApp;
				PRODUCT_NAME = "$(TARGET_NAME)";
				SWIFT_EMIT_LOC_STRINGS = YES;
				SWIFT_VERSION = 5.0;
				TARGETED_DEVICE_FAMILY = "1,2";
			};
			name = Debug;
		};
		22EDC75C2743DA5E00516DE0 /* Release */ = {
			isa = XCBuildConfiguration;
			buildSettings = {
				ASSETCATALOG_COMPILER_APPICON_NAME = AppIcon;
				ASSETCATALOG_COMPILER_GLOBAL_ACCENT_COLOR_NAME = AccentColor;
				CODE_SIGN_STYLE = Automatic;
				CURRENT_PROJECT_VERSION = 1;
				DEVELOPMENT_ASSET_PATHS = "\"RecipeApp/Preview Content\"";
				ENABLE_PREVIEWS = YES;
				GENERATE_INFOPLIST_FILE = YES;
				INFOPLIST_KEY_UIApplicationSceneManifest_Generation = YES;
				INFOPLIST_KEY_UIApplicationSupportsIndirectInputEvents = YES;
				INFOPLIST_KEY_UILaunchScreen_Generation = YES;
				INFOPLIST_KEY_UISupportedInterfaceOrientations_iPad = "UIInterfaceOrientationPortrait UIInterfaceOrientationPortraitUpsideDown UIInterfaceOrientationLandscapeLeft UIInterfaceOrientationLandscapeRight";
				INFOPLIST_KEY_UISupportedInterfaceOrientations_iPhone = "UIInterfaceOrientationPortrait UIInterfaceOrientationLandscapeLeft UIInterfaceOrientationLandscapeRight";
				LD_RUNPATH_SEARCH_PATHS = (
					"$(inherited)",
					"@executable_path/Frameworks",
				);
				MARKETING_VERSION = 1.0;
				PRODUCT_BUNDLE_IDENTIFIER = AEeefan.studio.RecipeApp;
				PRODUCT_NAME = "$(TARGET_NAME)";
				SWIFT_EMIT_LOC_STRINGS = YES;
				SWIFT_VERSION = 5.0;
				TARGETED_DEVICE_FAMILY = "1,2";
			};
			name = Release;
		};
/* End XCBuildConfiguration section */

/* Begin XCConfigurationList section */
		22EDC7472743DA5900516DE0 /* Build configuration list for PBXProject "RecipeApp" */ = {
			isa = XCConfigurationList;
			buildConfigurations = (
				22EDC7582743DA5E00516DE0 /* Debug */,
				22EDC7592743DA5E00516DE0 /* Release */,
			);
			defaultConfigurationIsVisible = 0;
			defaultConfigurationName = Release;
		};
		22EDC75A2743DA5E00516DE0 /* Build configuration list for PBXNativeTarget "RecipeApp" */ = {
			isa = XCConfigurationList;
			buildConfigurations = (
				22EDC75B2743DA5E00516DE0 /* Debug */,
				22EDC75C2743DA5E00516DE0 /* Release */,
			);
			defaultConfigurationIsVisible = 0;
			defaultConfigurationName = Release;
		};
/* End XCConfigurationList section */
	};
	rootObject = 22EDC7442743DA5900516DE0 /* Project object */;
}
